
Microsoft Visual Studio Solution File, Format Version 12.00
# Visual Studio Version 16
VisualStudioVersion = 16.0.30114.105
MinimumVisualStudioVersion = 10.0.40219.1
Project("{FAE04EC0-301F-11D3-BF4B-00C04F79EFBC}") = "2048_WF", "2048_WF\2048_WF.csproj", "{7D6446F8-11C1-4B9E-9C8B-589C13098F66}"
EndProject
Project("{FAE04EC0-301F-11D3-BF4B-00C04F79EFBC}") = "2048_Core", "2048_Core\2048_Core.csproj", "{838844CF-335B-4432-B0FD-426277BF06D2}"
EndProject
Project("{2150E333-8FDC-42A3-9474-1A3956D46DE8}") = "Solution Items", "Solution Items", "{6CEE3321-570F-432A-A63B-48B9DCB9B0D4}"
	ProjectSection(SolutionItems) = preProject
		.editorconfig = .editorconfig
	EndProjectSection
EndProject
Project("{FAE04EC0-301F-11D3-BF4B-00C04F79EFBC}") = "2048_WPF", "2048_WPF\2048_WPF.csproj", "{9B5303AB-7584-4559-9038-147FA1940584}"
EndProject
Global
	GlobalSection(SolutionConfigurationPlatforms) = preSolution
		Debug|Any CPU = Debug|Any CPU
		Release|Any CPU = Release|Any CPU
	EndGlobalSection
	GlobalSection(ProjectConfigurationPlatforms) = postSolution
		{7D6446F8-11C1-4B9E-9C8B-589C13098F66}.Debug|Any CPU.ActiveCfg = Debug|Any CPU
		{7D6446F8-11C1-4B9E-9C8B-589C13098F66}.Debug|Any CPU.Build.0 = Debug|Any CPU
		{7D6446F8-11C1-4B9E-9C8B-589C13098F66}.Release|Any CPU.ActiveCfg = Release|Any CPU
		{7D6446F8-11C1-4B9E-9C8B-589C13098F66}.Release|Any CPU.Build.0 = Release|Any CPU
		{838844CF-335B-4432-B0FD-426277BF06D2}.Debug|Any CPU.ActiveCfg = Debug|Any CPU
		{838844CF-335B-4432-B0FD-426277BF06D2}.Debug|Any CPU.Build.0 = Debug|Any CPU
		{838844CF-335B-4432-B0FD-426277BF06D2}.Release|Any CPU.ActiveCfg = Release|Any CPU
		{838844CF-335B-4432-B0FD-426277BF06D2}.Release|Any CPU.Build.0 = Release|Any CPU
		{9B5303AB-7584-4559-9038-147FA1940584}.Debug|Any CPU.ActiveCfg = Debug|Any CPU
		{9B5303AB-7584-4559-9038-147FA1940584}.Debug|Any CPU.Build.0 = Debug|Any CPU
		{9B5303AB-7584-4559-9038-147FA1940584}.Release|Any CPU.ActiveCfg = Release|Any CPU
		{9B5303AB-7584-4559-9038-147FA1940584}.Release|Any CPU.Build.0 = Release|Any CPU
	EndGlobalSection
	GlobalSection(SolutionProperties) = preSolution
		HideSolutionNode = FALSE
	EndGlobalSection
	GlobalSection(ExtensibilityGlobals) = postSolution
		SolutionGuid = {D7524609-B0BC-41C0-BB15-E718A6538268}
	EndGlobalSection
EndGlobal
